
Microsoft Visual Studio Solution File, Format Version 12.00
# Visual Studio Version 17
VisualStudioVersion = 17.13.35806.99 d17.13
MinimumVisualStudioVersion = 10.0.40219.1
Project("{FAE04EC0-301F-11D3-BF4B-00C04F79EFBC}") = "BT1_CCB", "BT1_CCB\BT1_CCB.csproj", "{AC9D13F9-6D64-49C6-AF4D-162E6957B18E}"
EndProject
Global
	GlobalSection(SolutionConfigurationPlatforms) = preSolution
		Debug|Any CPU = Debug|Any CPU
		Release|Any CPU = Release|Any CPU
	EndGlobalSection
	GlobalSection(ProjectConfigurationPlatforms) = postSolution
		{AC9D13F9-6D64-49C6-AF4D-162E6957B18E}.Debug|Any CPU.ActiveCfg = Debug|Any CPU
		{AC9D13F9-6D64-49C6-AF4D-162E6957B18E}.Debug|Any CPU.Build.0 = Debug|Any CPU
		{AC9D13F9-6D64-49C6-AF4D-162E6957B18E}.Release|Any CPU.ActiveCfg = Release|Any CPU
		{AC9D13F9-6D64-49C6-AF4D-162E6957B18E}.Release|Any CPU.Build.0 = Release|Any CPU
	EndGlobalSection
	GlobalSection(SolutionProperties) = preSolution
		HideSolutionNode = FALSE
	EndGlobalSection
	GlobalSection(ExtensibilityGlobals) = postSolution
		SolutionGuid = {588BF5A9-8AD6-4DA3-9922-8EF470776FC2}
	EndGlobalSection
EndGlobal
