
Microsoft Visual Studio Solution File, Format Version 12.00
# Visual Studio Version 17
VisualStudioVersion = 17.13.35806.99 d17.13
MinimumVisualStudioVersion = 10.0.40219.1
Project("{FAE04EC0-301F-11D3-BF4B-00C04F79EFBC}") = "BT1_CCB", "BT1_CCB\BT1_CCB.csproj", "{88ABAD47-0155-4B3F-828E-149F6E666A4B}"
EndProject
Global
	GlobalSection(SolutionConfigurationPlatforms) = preSolution
		Debug|Any CPU = Debug|Any CPU
		Release|Any CPU = Release|Any CPU
	EndGlobalSection
	GlobalSection(ProjectConfigurationPlatforms) = postSolution
		{88ABAD47-0155-4B3F-828E-149F6E666A4B}.Debug|Any CPU.ActiveCfg = Debug|Any CPU
		{88ABAD47-0155-4B3F-828E-149F6E666A4B}.Debug|Any CPU.Build.0 = Debug|Any CPU
		{88ABAD47-0155-4B3F-828E-149F6E666A4B}.Release|Any CPU.ActiveCfg = Release|Any CPU
		{88ABAD47-0155-4B3F-828E-149F6E666A4B}.Release|Any CPU.Build.0 = Release|Any CPU
	EndGlobalSection
	GlobalSection(SolutionProperties) = preSolution
		HideSolutionNode = FALSE
	EndGlobalSection
	GlobalSection(ExtensibilityGlobals) = postSolution
		SolutionGuid = {67F75942-E170-4831-9A3D-520B99395F5A}
	EndGlobalSection
EndGlobal
