
Microsoft Visual Studio Solution File, Format Version 12.00
# Visual Studio Version 17
VisualStudioVersion = 17.13.35806.99 d17.13
MinimumVisualStudioVersion = 10.0.40219.1
Project("{FAE04EC0-301F-11D3-BF4B-00C04F79EFBC}") = "BT11_CCB", "BT11_CCB\BT11_CCB.csproj", "{EE116D6D-DBBB-447B-8122-F23852646414}"
EndProject
Global
	GlobalSection(SolutionConfigurationPlatforms) = preSolution
		Debug|Any CPU = Debug|Any CPU
		Release|Any CPU = Release|Any CPU
	EndGlobalSection
	GlobalSection(ProjectConfigurationPlatforms) = postSolution
		{EE116D6D-DBBB-447B-8122-F23852646414}.Debug|Any CPU.ActiveCfg = Debug|Any CPU
		{EE116D6D-DBBB-447B-8122-F23852646414}.Debug|Any CPU.Build.0 = Debug|Any CPU
		{EE116D6D-DBBB-447B-8122-F23852646414}.Release|Any CPU.ActiveCfg = Release|Any CPU
		{EE116D6D-DBBB-447B-8122-F23852646414}.Release|Any CPU.Build.0 = Release|Any CPU
	EndGlobalSection
	GlobalSection(SolutionProperties) = preSolution
		HideSolutionNode = FALSE
	EndGlobalSection
	GlobalSection(ExtensibilityGlobals) = postSolution
		SolutionGuid = {A93EB9C5-945F-4ACE-83FD-FB73B27CCFCD}
	EndGlobalSection
EndGlobal
