
Microsoft Visual Studio Solution File, Format Version 12.00
# Visual Studio Version 17
VisualStudioVersion = 17.13.35806.99 d17.13
MinimumVisualStudioVersion = 10.0.40219.1
Project("{FAE04EC0-301F-11D3-BF4B-00C04F79EFBC}") = "BT21_CCB", "BT21_CCB\BT21_CCB.csproj", "{DFABD5A6-A21D-4F71-BB33-827780F569C8}"
EndProject
Global
	GlobalSection(SolutionConfigurationPlatforms) = preSolution
		Debug|Any CPU = Debug|Any CPU
		Release|Any CPU = Release|Any CPU
	EndGlobalSection
	GlobalSection(ProjectConfigurationPlatforms) = postSolution
		{DFABD5A6-A21D-4F71-BB33-827780F569C8}.Debug|Any CPU.ActiveCfg = Debug|Any CPU
		{DFABD5A6-A21D-4F71-BB33-827780F569C8}.Debug|Any CPU.Build.0 = Debug|Any CPU
		{DFABD5A6-A21D-4F71-BB33-827780F569C8}.Release|Any CPU.ActiveCfg = Release|Any CPU
		{DFABD5A6-A21D-4F71-BB33-827780F569C8}.Release|Any CPU.Build.0 = Release|Any CPU
	EndGlobalSection
	GlobalSection(SolutionProperties) = preSolution
		HideSolutionNode = FALSE
	EndGlobalSection
	GlobalSection(ExtensibilityGlobals) = postSolution
		SolutionGuid = {4551B3BA-5912-44ED-8774-FD8BE5F10F4A}
	EndGlobalSection
EndGlobal
